
Microsoft Visual Studio Solution File, Format Version 12.00
# Visual Studio Version 17
VisualStudioVersion = 17.0.32126.317
MinimumVisualStudioVersion = 10.0.40219.1
Project("{FAE04EC0-301F-11D3-BF4B-00C04F79EFBC}") = "DS", "DS\DS.csproj", "{01AEFD08-68FA-440F-B11B-3E09045012F1}"
EndProject
Global
	GlobalSection(SolutionConfigurationPlatforms) = preSolution
		Debug|Any CPU = Debug|Any CPU
		Release|Any CPU = Release|Any CPU
	EndGlobalSection
	GlobalSection(ProjectConfigurationPlatforms) = postSolution
		{01AEFD08-68FA-440F-B11B-3E09045012F1}.Debug|Any CPU.ActiveCfg = Debug|Any CPU
		{01AEFD08-68FA-440F-B11B-3E09045012F1}.Debug|Any CPU.Build.0 = Debug|Any CPU
		{01AEFD08-68FA-440F-B11B-3E09045012F1}.Release|Any CPU.ActiveCfg = Release|Any CPU
		{01AEFD08-68FA-440F-B11B-3E09045012F1}.Release|Any CPU.Build.0 = Release|Any CPU
	EndGlobalSection
	GlobalSection(SolutionProperties) = preSolution
		HideSolutionNode = FALSE
	EndGlobalSection
	GlobalSection(ExtensibilityGlobals) = postSolution
		SolutionGuid = {EF249FDE-A032-410C-B458-5FED29B614FF}
	EndGlobalSection
EndGlobal
